NeoBundleLock SudoEdit.vim c88d1f90a95d58873299f37ae6a320981095cffa
NeoBundleLock delimitMate c88d1f90a95d58873299f37ae6a320981095cffa
NeoBundleLock emmet-vim c88d1f90a95d58873299f37ae6a320981095cffa
NeoBundleLock gruvbox c88d1f90a95d58873299f37ae6a320981095cffa
NeoBundleLock neobundle.vim c88d1f90a95d58873299f37ae6a320981095cffa
NeoBundleLock nerdcommenter c88d1f90a95d58873299f37ae6a320981095cffa
NeoBundleLock nginx-vim-syntax c88d1f90a95d58873299f37ae6a320981095cffa
NeoBundleLock rainbow d7bb89e6a6fae25765ee16020ea7a85d43bd6e41
NeoBundleLock rainbow_parentheses.vim c88d1f90a95d58873299f37ae6a320981095cffa
NeoBundleLock supertab c88d1f90a95d58873299f37ae6a320981095cffa
NeoBundleLock syntastic c88d1f90a95d58873299f37ae6a320981095cffa
NeoBundleLock tagbar c88d1f90a95d58873299f37ae6a320981095cffa
NeoBundleLock unite-outline c88d1f90a95d58873299f37ae6a320981095cffa
NeoBundleLock unite-tag c88d1f90a95d58873299f37ae6a320981095cffa
NeoBundleLock unite.vim c88d1f90a95d58873299f37ae6a320981095cffa
NeoBundleLock vim-airline c88d1f90a95d58873299f37ae6a320981095cffa
NeoBundleLock vim-airline-themes c88d1f90a95d58873299f37ae6a320981095cffa
NeoBundleLock vim-coffee-script c88d1f90a95d58873299f37ae6a320981095cffa
NeoBundleLock vim-colors-pencil c88d1f90a95d58873299f37ae6a320981095cffa
NeoBundleLock vim-colors-solarized c88d1f90a95d58873299f37ae6a320981095cffa
NeoBundleLock vim-endwise c88d1f90a95d58873299f37ae6a320981095cffa
NeoBundleLock vim-fish c88d1f90a95d58873299f37ae6a320981095cffa
NeoBundleLock vim-fugitive c88d1f90a95d58873299f37ae6a320981095cffa
NeoBundleLock vim-gitgutter c88d1f90a95d58873299f37ae6a320981095cffa
NeoBundleLock vim-haml c88d1f90a95d58873299f37ae6a320981095cffa
NeoBundleLock vim-less c88d1f90a95d58873299f37ae6a320981095cffa
NeoBundleLock vim-markdown c88d1f90a95d58873299f37ae6a320981095cffa
NeoBundleLock vim-rails c88d1f90a95d58873299f37ae6a320981095cffa
NeoBundleLock vim-ruby c88d1f90a95d58873299f37ae6a320981095cffa
NeoBundleLock vim-ruby-minitest c88d1f90a95d58873299f37ae6a320981095cffa
NeoBundleLock vim-ruby-sinatra c88d1f90a95d58873299f37ae6a320981095cffa
NeoBundleLock vim-slim c88d1f90a95d58873299f37ae6a320981095cffa
NeoBundleLock vimfiler.vim c88d1f90a95d58873299f37ae6a320981095cffa
NeoBundleLock vimproc.vim c88d1f90a95d58873299f37ae6a320981095cffa
NeoBundleLock vimshell.vim c88d1f90a95d58873299f37ae6a320981095cffa
