NeoBundleLock SudoEdit.vim 145ddffb8cd33211df22b1c7c5399cb8ecdafd6b
NeoBundleLock delimitMate 8bc47fd1c40cdad9ea1f36c0cf13592c70ea65e9
NeoBundleLock emmet-vim 31d903d390035ea4158dc70d49034673d993ad7b
NeoBundleLock gruvbox 91bae6876031ececf151cc4f28aa5fb8c93681e4
NeoBundleLock neobundle.vim 380d9d299300019c0a9970ae6b87faabedab0747
NeoBundleLock nerdcommenter 1f4bfd59920c101a30a74a07b824608a6e65f3fe
NeoBundleLock nginx-vim-syntax 8dffab7043185482414ac9c4d7041e26d77cb898
NeoBundleLock rainbow_parentheses.vim eb8baa5428bde10ecc1cb14eed1d6e16f5f24695
NeoBundleLock supertab 66511772a430a5eaad7f7d03dbb02e8f33c4a641
NeoBundleLock syntastic 30fa9bec2d46ccc28a65dd95b6b14070470c2d89
NeoBundleLock tagbar 7b36c46d17d57db34fdb0adac9ba6382d0bb5e66
NeoBundleLock unite-outline c3dc638d391c6bda85a741d7a78e24c159840d35
NeoBundleLock unite-tag 478585124a52bea51344bc61f4b9a85a791591ac
NeoBundleLock unite.vim 82c0c43293e04ed27090ad6e7e17a2546043ce15
NeoBundleLock vim-airline 70c16f4c46f11395bbbc30b2f0a6822669e7df87
NeoBundleLock vim-airline-themes 97a042a57af7f04e25fddb6e694d75be1d55be02
NeoBundleLock vim-coffee-script 32fe889b8cafd3a4921ef8e6485156453ff58c42
NeoBundleLock vim-colors-pencil 645c77db4ddeca0fbd32504f4fc62953428b36ad
NeoBundleLock vim-colors-solarized 528a59f26d12278698bb946f8fb82a63711eec21
NeoBundleLock vim-endwise 0067ceda37725d01b7bd5bf249d63b1b5d4e2ab4
NeoBundleLock vim-fish 825853f4816a07e59ea2ecee1190ab6a5d9ef991
NeoBundleLock vim-fugitive 3439f999b138254e4bb56187fc91f91f545b4b12
NeoBundleLock vim-gitgutter 377c71d9823be32c021a597d8d18c3234ed567c1
NeoBundleLock vim-haml 1f2e47c78c2faf90ff419c2f4e1241094844678c
NeoBundleLock vim-less 6e818d5614d5fc18d95a48c92b89e6db39f9e3d6
NeoBundleLock vim-markdown a3169545f330ec8080244c3ad755bb2211eca8a0
NeoBundleLock vim-rails 7ea50ede5420058d3d5142d1a5d635ce876486cf
NeoBundleLock vim-ruby 666adb5bcdfb2d21572a58fcdf7545a26bac32a0
NeoBundleLock vim-ruby-minitest eeab4c88353555ee2115243ffc2e6cda852fd38c
NeoBundleLock vim-ruby-sinatra b95547efa54a5eb21d483ea3de9cfc817fc56170
NeoBundleLock vim-slim 123607e31e10386d691206a03529c30eacf5e09d
NeoBundleLock vimfiler.vim 3d8005116768ec97d300309be3cb339580e7e14b
NeoBundleLock vimproc.vim 0ff17bc0725cd0323df87664fa02b1436349f667
NeoBundleLock vimshell.vim bdcd197b701734a743903c7547e9f56842701614
